
Microsoft Visual Studio Solution File, Format Version 12.00
# Visual Studio Version 17
VisualStudioVersion = 17.14.36414.22 d17.14
MinimumVisualStudioVersion = 10.0.40219.1
Project("{FAE04EC0-301F-11D3-BF4B-00C04F79EFBC}") = "HomeTask24082025", "HomeTask24082025.csproj", "{FAF4477E-AAF2-420E-9926-24CEE7DDF794}"
EndProject
Global
	GlobalSection(SolutionConfigurationPlatforms) = preSolution
		Debug|Any CPU = Debug|Any CPU
		Release|Any CPU = Release|Any CPU
	EndGlobalSection
	GlobalSection(ProjectConfigurationPlatforms) = postSolution
		{FAF4477E-AAF2-420E-9926-24CEE7DDF794}.Debug|Any CPU.ActiveCfg = Debug|Any CPU
		{FAF4477E-AAF2-420E-9926-24CEE7DDF794}.Debug|Any CPU.Build.0 = Debug|Any CPU
		{FAF4477E-AAF2-420E-9926-24CEE7DDF794}.Release|Any CPU.ActiveCfg = Release|Any CPU
		{FAF4477E-AAF2-420E-9926-24CEE7DDF794}.Release|Any CPU.Build.0 = Release|Any CPU
	EndGlobalSection
	GlobalSection(SolutionProperties) = preSolution
		HideSolutionNode = FALSE
	EndGlobalSection
	GlobalSection(ExtensibilityGlobals) = postSolution
		SolutionGuid = {6AF4EA71-2CB1-4CF9-A35A-25C5A47A426B}
	EndGlobalSection
EndGlobal
